// !$*UTF8*$!
{
	archiveVersion = 1;
	classes = {
	};
	objectVersion = 77;
	objects = {

/* Begin PBXContainerItemProxy section */
		239864C42EDA1FFA0037F155 /* PBXContainerItemProxy */ = {
			isa = PBXContainerItemProxy;
			containerPortal = 239864AE2EDA1FF90037F155 /* Project object */;
			proxyType = 1;
			remoteGlobalIDString = 239864B52EDA1FF90037F155;
			remoteInfo = Surechigai;
		};
		239864CE2EDA1FFA0037F155 /* PBXContainerItemProxy */ = {
			isa = PBXContainerItemProxy;
			containerPortal = 239864AE2EDA1FF90037F155 /* Project object */;
			proxyType = 1;
			remoteGlobalIDString = 239864B52EDA1FF90037F155;
			remoteInfo = Surechigai;
		};
/* End PBXContainerItemProxy section */

/* Begin PBXFileReference section */
		239864B62EDA1FF90037F155 /* Surechigai.app */ = {isa = PBXFileReference; explicitFileType = wrapper.application; includeInIndex = 0; path = Surechigai.app; sourceTree = BUILT_PRODUCTS_DIR; };
		239864C32EDA1FFA0037F155 /* SurechigaiTests.xctest */ = {isa = PBXFileReference; explicitFileType = wrapper.cfbundle; includeInIndex = 0; path = SurechigaiTests.xctest; sourceTree = BUILT_PRODUCTS_DIR; };
		239864CD2EDA1FFA0037F155 /* SurechigaiUITests.xctest */ = {isa = PBXFileReference; explicitFileType = wrapper.cfbundle; includeInIndex = 0; path = SurechigaiUITests.xctest; sourceTree = BUILT_PRODUCTS_DIR; };
/* End PBXFileReference section */

/* Begin PBXFileSystemSynchronizedBuildFileExceptionSet section */
		239865312EDA26980037F155 /* Exceptions for "Surechigai" folder in "Surechigai" target */ = {
			isa = PBXFileSystemSynchronizedBuildFileExceptionSet;
			membershipExceptions = (
				Info.plist,
			);
			target = 239864B52EDA1FF90037F155 /* Surechigai */;
		};
/* End PBXFileSystemSynchronizedBuildFileExceptionSet section */

/* Begin PBXFileSystemSynchronizedRootGroup section */
		239864B82EDA1FF90037F155 /* Surechigai */ = {
			isa = PBXFileSystemSynchronizedRootGroup;
			exceptions = (
				239865312EDA26980037F155 /* Exceptions for "Surechigai" folder in "Surechigai" target */,
			);
			path = Surechigai;
			sourceTree = "<group>";
		};
		239864C62EDA1FFA0037F155 /* SurechigaiTests */ = {
			isa = PBXFileSystemSynchronizedRootGroup;
			path = SurechigaiTests;
			sourceTree = "<group>";
		};
		239864D02EDA1FFA0037F155 /* SurechigaiUITests */ = {
			isa = PBXFileSystemSynchronizedRootGroup;
			path = SurechigaiUITests;
			sourceTree = "<group>";
		};
/* End PBXFileSystemSynchronizedRootGroup section */

/* Begin PBXFrameworksBuildPhase section */
		239864B32EDA1FF90037F155 /* Frameworks */ = {
			isa = PBXFrameworksBuildPhase;
			buildActionMask = 2147483647;
			files = (
			);
			runOnlyForDeploymentPostprocessing = 0;
		};
		239864C02EDA1FFA0037F155 /* Frameworks */ = {
			isa = PBXFrameworksBuildPhase;
			buildActionMask = 2147483647;
			files = (
			);
			runOnlyForDeploymentPostprocessing = 0;
		};
		239864CA2EDA1FFA0037F155 /* Frameworks */ = {
			isa = PBXFrameworksBuildPhase;
			buildActionMask = 2147483647;
			files = (
			);
			runOnlyForDeploymentPostprocessing = 0;
		};
/* End PBXFrameworksBuildPhase section */

/* Begin PBXGroup section */
		239864AD2EDA1FF90037F155 = {
			isa = PBXGroup;
			children = (
				239864B82EDA1FF90037F155 /* Surechigai */,
				239864C62EDA1FFA0037F155 /* SurechigaiTests */,
				239864D02EDA1FFA0037F155 /* SurechigaiUITests */,
				239864B72EDA1FF90037F155 /* Products */,
			);
			sourceTree = "<group>";
		};
		239864B72EDA1FF90037F155 /* Products */ = {
			isa = PBXGroup;
			children = (
				239864B62EDA1FF90037F155 /* Surechigai.app */,
				239864C32EDA1FFA0037F155 /* SurechigaiTests.xctest */,
				239864CD2EDA1FFA0037F155 /* SurechigaiUITests.xctest */,
			);
			name = Products;
			sourceTree = "<group>";
		};
/* End PBXGroup section */

/* Begin PBXNativeTarget section */
		239864B52EDA1FF90037F155 /* Surechigai */ = {
			isa = PBXNativeTarget;
			buildConfigurationList = 239864D72EDA1FFA0037F155 /* Build configuration list for PBXNativeTarget "Surechigai" */;
			buildPhases = (
				239864B22EDA1FF90037F155 /* Sources */,
				239864B32EDA1FF90037F155 /* Frameworks */,
				239864B42EDA1FF90037F155 /* Resources */,
			);
			buildRules = (
			);
			dependencies = (
			);
			fileSystemSynchronizedGroups = (
				239864B82EDA1FF90037F155 /* Surechigai */,
			);
			name = Surechigai;
			packageProductDependencies = (
			);
			productName = Surechigai;
			productReference = 239864B62EDA1FF90037F155 /* Surechigai.app */;
			productType = "com.apple.product-type.application";
		};
		239864C22EDA1FFA0037F155 /* SurechigaiTests */ = {
			isa = PBXNativeTarget;
			buildConfigurationList = 239864DA2EDA1FFA0037F155 /* Build configuration list for PBXNativeTarget "SurechigaiTests" */;
			buildPhases = (
				239864BF2EDA1FFA0037F155 /* Sources */,
				239864C02EDA1FFA0037F155 /* Frameworks */,
				239864C12EDA1FFA0037F155 /* Resources */,
			);
			buildRules = (
			);
			dependencies = (
				239864C52EDA1FFA0037F155 /* PBXTargetDependency */,
			);
			fileSystemSynchronizedGroups = (
				239864C62EDA1FFA0037F155 /* SurechigaiTests */,
			);
			name = SurechigaiTests;
			packageProductDependencies = (
			);
			productName = SurechigaiTests;
			productReference = 239864C32EDA1FFA0037F155 /* SurechigaiTests.xctest */;
			productType = "com.apple.product-type.bundle.unit-test";
		};
		239864CC2EDA1FFA0037F155 /* SurechigaiUITests */ = {
			isa = PBXNativeTarget;
			buildConfigurationList = 239864DD2EDA1FFA0037F155 /* Build configuration list for PBXNativeTarget "SurechigaiUITests" */;
			buildPhases = (
				239864C92EDA1FFA0037F155 /* Sources */,
				239864CA2EDA1FFA0037F155 /* Frameworks */,
				239864CB2EDA1FFA0037F155 /* Resources */,
			);
			buildRules = (
			);
			dependencies = (
				239864CF2EDA1FFA0037F155 /* PBXTargetDependency */,
			);
			fileSystemSynchronizedGroups = (
				239864D02EDA1FFA0037F155 /* SurechigaiUITests */,
			);
			name = SurechigaiUITests;
			packageProductDependencies = (
			);
			productName = SurechigaiUITests;
			productReference = 239864CD2EDA1FFA0037F155 /* SurechigaiUITests.xctest */;
			productType = "com.apple.product-type.bundle.ui-testing";
		};
/* End PBXNativeTarget section */

/* Begin PBXProject section */
		239864AE2EDA1FF90037F155 /* Project object */ = {
			isa = PBXProject;
			attributes = {
				BuildIndependentTargetsInParallel = 1;
				LastSwiftUpdateCheck = 2600;
				LastUpgradeCheck = 2600;
				TargetAttributes = {
					239864B52EDA1FF90037F155 = {
						CreatedOnToolsVersion = 26.0.1;
					};
					239864C22EDA1FFA0037F155 = {
						CreatedOnToolsVersion = 26.0.1;
						TestTargetID = 239864B52EDA1FF90037F155;
					};
					239864CC2EDA1FFA0037F155 = {
						CreatedOnToolsVersion = 26.0.1;
						TestTargetID = 239864B52EDA1FF90037F155;
					};
				};
			};
			buildConfigurationList = 239864B12EDA1FF90037F155 /* Build configuration list for PBXProject "Surechigai" */;
			developmentRegion = en;
			hasScannedForEncodings = 0;
			knownRegions = (
				en,
				Base,
			);
			mainGroup = 239864AD2EDA1FF90037F155;
			minimizedProjectReferenceProxies = 1;
			preferredProjectObjectVersion = 77;
			productRefGroup = 239864B72EDA1FF90037F155 /* Products */;
			projectDirPath = "";
			projectRoot = "";
			targets = (
				239864B52EDA1FF90037F155 /* Surechigai */,
				239864C22EDA1FFA0037F155 /* SurechigaiTests */,
				239864CC2EDA1FFA0037F155 /* SurechigaiUITests */,
			);
		};
/* End PBXProject section */

/* Begin PBXResourcesBuildPhase section */
		239864B42EDA1FF90037F155 /* Resources */ = {
			isa = PBXResourcesBuildPhase;
			buildActionMask = 2147483647;
			files = (
			);
			runOnlyForDeploymentPostprocessing = 0;
		};
		239864C12EDA1FFA0037F155 /* Resources */ = {
			isa = PBXResourcesBuildPhase;
			buildActionMask = 2147483647;
			files = (
			);
			runOnlyForDeploymentPostprocessing = 0;
		};
		239864CB2EDA1FFA0037F155 /* Resources */ = {
			isa = PBXResourcesBuildPhase;
			buildActionMask = 2147483647;
			files = (
			);
			runOnlyForDeploymentPostprocessing = 0;
		};
/* End PBXResourcesBuildPhase section */

/* Begin PBXSourcesBuildPhase section */
		239864B22EDA1FF90037F155 /* Sources */ = {
			isa = PBXSourcesBuildPhase;
			buildActionMask = 2147483647;
			files = (
			);
			runOnlyForDeploymentPostprocessing = 0;
		};
		239864BF2EDA1FFA0037F155 /* Sources */ = {
			isa = PBXSourcesBuildPhase;
			buildActionMask = 2147483647;
			files = (
			);
			runOnlyForDeploymentPostprocessing = 0;
		};
		239864C92EDA1FFA0037F155 /* Sources */ = {
			isa = PBXSourcesBuildPhase;
			buildActionMask = 2147483647;
			files = (
			);
			runOnlyForDeploymentPostprocessing = 0;
		};
/* End PBXSourcesBuildPhase section */

/* Begin PBXTargetDependency section */
		239864C52EDA1FFA0037F155 /* PBXTargetDependency */ = {
			isa = PBXTargetDependency;
			target = 239864B52EDA1FF90037F155 /* Surechigai */;
			targetProxy = 239864C42EDA1FFA0037F155 /* PBXContainerItemProxy */;
		};
		239864CF2EDA1FFA0037F155 /* PBXTargetDependency */ = {
			isa = PBXTargetDependency;
			target = 239864B52EDA1FF90037F155 /* Surechigai */;
			targetProxy = 239864CE2EDA1FFA0037F155 /* PBXContainerItemProxy */;
		};
/* End PBXTargetDependency section */

/* Begin XCBuildConfiguration section */
		239864D52EDA1FFA0037F155 /* Debug */ = {
			isa = XCBuildConfiguration;
			buildSettings = {
				ALWAYS_SEARCH_USER_PATHS = NO;
				ASSETCATALOG_COMPILER_GENERATE_SWIFT_ASSET_SYMBOL_EXTENSIONS = YES;
				CLANG_ANALYZER_NONNULL = YES;
				CLANG_ANALYZER_NUMBER_OBJECT_CONVERSION = YES_AGGRESSIVE;
				CLANG_CXX_LANGUAGE_STANDARD = "gnu++20";
				CLANG_ENABLE_MODULES = YES;
				CLANG_ENABLE_OBJC_ARC = YES;
				CLANG_ENABLE_OBJC_WEAK = YES;
				CLANG_WARN_BLOCK_CAPTURE_AUTORELEASING = YES;
				CLANG_WARN_BOOL_CONVERSION = YES;
				CLANG_WARN_COMMA = YES;
				CLANG_WARN_CONSTANT_CONVERSION = YES;
				CLANG_WARN_DEPRECATED_OBJC_IMPLEMENTATIONS = YES;
				CLANG_WARN_DIRECT_OBJC_ISA_USAGE = YES_ERROR;
				CLANG_WARN_DOCUMENTATION_COMMENTS = YES;
				CLANG_WARN_EMPTY_BODY = YES;
				CLANG_WARN_ENUM_CONVERSION = YES;
				CLANG_WARN_INFINITE_RECURSION = YES;
				CLANG_WARN_INT_CONVERSION = YES;
				CLANG_WARN_NON_LITERAL_NULL_CONVERSION = YES;
				CLANG_WARN_OBJC_IMPLICIT_RETAIN_SELF = YES;
				CLANG_WARN_OBJC_LITERAL_CONVERSION = YES;
				CLANG_WARN_OBJC_ROOT_CLASS = YES_ERROR;
				CLANG_WARN_QUOTED_INCLUDE_IN_FRAMEWORK_HEADER = YES;
				CLANG_WARN_RANGE_LOOP_ANALYSIS = YES;
				CLANG_WARN_STRICT_PROTOTYPES = YES;
				CLANG_WARN_SUSPICIOUS_MOVE = YES;
				CLANG_WARN_UNGUARDED_AVAILABILITY = YES_AGGRESSIVE;
				CLANG_WARN_UNREACHABLE_CODE = YES;
				CLANG_WARN__DUPLICATE_METHOD_MATCH = YES;
				COPY_PHASE_STRIP = NO;
				DEBUG_INFORMATION_FORMAT = dwarf;
				DEVELOPMENT_TEAM = 4WTTA937Y5;
				ENABLE_STRICT_OBJC_MSGSEND = YES;
				ENABLE_TESTABILITY = YES;
				ENABLE_USER_SCRIPT_SANDBOXING = YES;
				GCC_C_LANGUAGE_STANDARD = gnu17;
				GCC_DYNAMIC_NO_PIC = NO;
				GCC_NO_COMMON_BLOCKS = YES;
				GCC_OPTIMIZATION_LEVEL = 0;
				GCC_PREPROCESSOR_DEFINITIONS = (
					"DEBUG=1",
					"$(inherited)",
				);
				GCC_WARN_64_TO_32_BIT_CONVERSION = YES;
				GCC_WARN_ABOUT_RETURN_TYPE = YES_ERROR;
				GCC_WARN_UNDECLARED_SELECTOR = YES;
				GCC_WARN_UNINITIALIZED_AUTOS = YES_AGGRESSIVE;
				GCC_WARN_UNUSED_FUNCTION = YES;
				GCC_WARN_UNUSED_VARIABLE = YES;
				IPHONEOS_DEPLOYMENT_TARGET = 26.0;
				LOCALIZATION_PREFERS_STRING_CATALOGS = YES;
				MTL_ENABLE_DEBUG_INFO = INCLUDE_SOURCE;
				MTL_FAST_MATH = YES;
				ONLY_ACTIVE_ARCH = YES;
				SDKROOT = iphoneos;
				SWIFT_ACTIVE_COMPILATION_CONDITIONS = "DEBUG $(inherited)";
				SWIFT_OPTIMIZATION_LEVEL = "-Onone";
			};
			name = Debug;
		};
		239864D62EDA1FFA0037F155 /* Release */ = {
			isa = XCBuildConfiguration;
			buildSettings = {
				ALWAYS_SEARCH_USER_PATHS = NO;
				ASSETCATALOG_COMPILER_GENERATE_SWIFT_ASSET_SYMBOL_EXTENSIONS = YES;
				CLANG_ANALYZER_NONNULL = YES;
				CLANG_ANALYZER_NUMBER_OBJECT_CONVERSION = YES_AGGRESSIVE;
				CLANG_CXX_LANGUAGE_STANDARD = "gnu++20";
				CLANG_ENABLE_MODULES = YES;
				CLANG_ENABLE_OBJC_ARC = YES;
				CLANG_ENABLE_OBJC_WEAK = YES;
				CLANG_WARN_BLOCK_CAPTURE_AUTORELEASING = YES;
				CLANG_WARN_BOOL_CONVERSION = YES;
				CLANG_WARN_COMMA = YES;
				CLANG_WARN_CONSTANT_CONVERSION = YES;
				CLANG_WARN_DEPRECATED_OBJC_IMPLEMENTATIONS = YES;
				CLANG_WARN_DIRECT_OBJC_ISA_USAGE = YES_ERROR;
				CLANG_WARN_DOCUMENTATION_COMMENTS = YES;
				CLANG_WARN_EMPTY_BODY = YES;
				CLANG_WARN_ENUM_CONVERSION = YES;
				CLANG_WARN_INFINITE_RECURSION = YES;
				CLANG_WARN_INT_CONVERSION = YES;
				CLANG_WARN_NON_LITERAL_NULL_CONVERSION = YES;
				CLANG_WARN_OBJC_IMPLICIT_RETAIN_SELF = YES;
				CLANG_WARN_OBJC_LITERAL_CONVERSION = YES;
				CLANG_WARN_OBJC_ROOT_CLASS = YES_ERROR;
				CLANG_WARN_QUOTED_INCLUDE_IN_FRAMEWORK_HEADER = YES;
				CLANG_WARN_RANGE_LOOP_ANALYSIS = YES;
				CLANG_WARN_STRICT_PROTOTYPES = YES;
				CLANG_WARN_SUSPICIOUS_MOVE = YES;
				CLANG_WARN_UNGUARDED_AVAILABILITY = YES_AGGRESSIVE;
				CLANG_WARN_UNREACHABLE_CODE = YES;
				CLANG_WARN__DUPLICATE_METHOD_MATCH = YES;
				COPY_PHASE_STRIP = NO;
				DEBUG_INFORMATION_FORMAT = "dwarf-with-dsym";
				DEVELOPMENT_TEAM = 4WTTA937Y5;
				ENABLE_NS_ASSERTIONS = NO;
				ENABLE_STRICT_OBJC_MSGSEND = YES;
				ENABLE_USER_SCRIPT_SANDBOXING = YES;
				GCC_C_LANGUAGE_STANDARD = gnu17;
				GCC_NO_COMMON_BLOCKS = YES;
				GCC_WARN_64_TO_32_BIT_CONVERSION = YES;
				GCC_WARN_ABOUT_RETURN_TYPE = YES_ERROR;
				GCC_WARN_UNDECLARED_SELECTOR = YES;
				GCC_WARN_UNINITIALIZED_AUTOS = YES_AGGRESSIVE;
				GCC_WARN_UNUSED_FUNCTION = YES;
				GCC_WARN_UNUSED_VARIABLE = YES;
				IPHONEOS_DEPLOYMENT_TARGET = 26.0;
				LOCALIZATION_PREFERS_STRING_CATALOGS = YES;
				MTL_ENABLE_DEBUG_INFO = NO;
				MTL_FAST_MATH = YES;
				SDKROOT = iphoneos;
				SWIFT_COMPILATION_MODE = wholemodule;
				VALIDATE_PRODUCT = YES;
			};
			name = Release;
		};
		239864D82EDA1FFA0037F155 /* Debug */ = {
			isa = XCBuildConfiguration;
			buildSettings = {
				ASSETCATALOG_COMPILER_APPICON_NAME = AppIcon;
				ASSETCATALOG_COMPILER_GLOBAL_ACCENT_COLOR_NAME = AccentColor;
				CODE_SIGN_STYLE = Automatic;
				CURRENT_PROJECT_VERSION = 1;
				DEVELOPMENT_TEAM = XQJX34TR52;
				ENABLE_PREVIEWS = YES;
				GENERATE_INFOPLIST_FILE = YES;
				INFOPLIST_FILE = Surechigai/Info.plist;
				INFOPLIST_KEY_NSBluetoothAlwaysUsageDescription = "近くのデバイスを検出するために必要です";
				INFOPLIST_KEY_NSLocalNetworkUsageDescription = "近くのデバイスを検出するために必要です";
				INFOPLIST_KEY_NSNearbyInteractionUsageDescription = "近くにいる人との距離と方向を測定するために必要です";
				INFOPLIST_KEY_UIApplicationSceneManifest_Generation = YES;
				INFOPLIST_KEY_UIApplicationSupportsIndirectInputEvents = YES;
				INFOPLIST_KEY_UILaunchScreen_Generation = YES;
				INFOPLIST_KEY_UISupportedInterfaceOrientations_iPad = "UIInterfaceOrientationPortrait UIInterfaceOrientationPortraitUpsideDown UIInterfaceOrientationLandscapeLeft UIInterfaceOrientationLandscapeRight";
				INFOPLIST_KEY_UISupportedInterfaceOrientations_iPhone = "UIInterfaceOrientationPortrait UIInterfaceOrientationLandscapeLeft UIInterfaceOrientationLandscapeRight";
				LD_RUNPATH_SEARCH_PATHS = (
					"$(inherited)",
					"@executable_path/Frameworks",
				);
				MARKETING_VERSION = 1.0;
				PRODUCT_BUNDLE_IDENTIFIER = me.hitto.Surechigai;
				PRODUCT_NAME = "$(TARGET_NAME)";
				STRING_CATALOG_GENERATE_SYMBOLS = YES;
				SWIFT_APPROACHABLE_CONCURRENCY = YES;
				SWIFT_DEFAULT_ACTOR_ISOLATION = MainActor;
				SWIFT_EMIT_LOC_STRINGS = YES;
				SWIFT_UPCOMING_FEATURE_MEMBER_IMPORT_VISIBILITY = YES;
				SWIFT_VERSION = 5.0;
				TARGETED_DEVICE_FAMILY = "1,2";
			};
			name = Debug;
		};
		239864D92EDA1FFA0037F155 /* Release */ = {
			isa = XCBuildConfiguration;
			buildSettings = {
				ASSETCATALOG_COMPILER_APPICON_NAME = AppIcon;
				ASSETCATALOG_COMPILER_GLOBAL_ACCENT_COLOR_NAME = AccentColor;
				CODE_SIGN_STYLE = Automatic;
				CURRENT_PROJECT_VERSION = 1;
				DEVELOPMENT_TEAM = XQJX34TR52;
				ENABLE_PREVIEWS = YES;
				GENERATE_INFOPLIST_FILE = YES;
				INFOPLIST_FILE = Surechigai/Info.plist;
				INFOPLIST_KEY_NSBluetoothAlwaysUsageDescription = "近くのデバイスを検出するために必要です";
				INFOPLIST_KEY_NSLocalNetworkUsageDescription = "近くのデバイスを検出するために必要です";
				INFOPLIST_KEY_NSNearbyInteractionUsageDescription = "近くにいる人との距離と方向を測定するために必要です";
				INFOPLIST_KEY_UIApplicationSceneManifest_Generation = YES;
				INFOPLIST_KEY_UIApplicationSupportsIndirectInputEvents = YES;
				INFOPLIST_KEY_UILaunchScreen_Generation = YES;
				INFOPLIST_KEY_UISupportedInterfaceOrientations_iPad = "UIInterfaceOrientationPortrait UIInterfaceOrientationPortraitUpsideDown UIInterfaceOrientationLandscapeLeft UIInterfaceOrientationLandscapeRight";
				INFOPLIST_KEY_UISupportedInterfaceOrientations_iPhone = "UIInterfaceOrientationPortrait UIInterfaceOrientationLandscapeLeft UIInterfaceOrientationLandscapeRight";
				LD_RUNPATH_SEARCH_PATHS = (
					"$(inherited)",
					"@executable_path/Frameworks",
				);
				MARKETING_VERSION = 1.0;
				PRODUCT_BUNDLE_IDENTIFIER = me.hitto.Surechigai;
				PRODUCT_NAME = "$(TARGET_NAME)";
				STRING_CATALOG_GENERATE_SYMBOLS = YES;
				SWIFT_APPROACHABLE_CONCURRENCY = YES;
				SWIFT_DEFAULT_ACTOR_ISOLATION = MainActor;
				SWIFT_EMIT_LOC_STRINGS = YES;
				SWIFT_UPCOMING_FEATURE_MEMBER_IMPORT_VISIBILITY = YES;
				SWIFT_VERSION = 5.0;
				TARGETED_DEVICE_FAMILY = "1,2";
			};
			name = Release;
		};
		239864DB2EDA1FFA0037F155 /* Debug */ = {
			isa = XCBuildConfiguration;
			buildSettings = {
				BUNDLE_LOADER = "$(TEST_HOST)";
				CODE_SIGN_STYLE = Automatic;
				CURRENT_PROJECT_VERSION = 1;
				DEVELOPMENT_TEAM = 4WTTA937Y5;
				GENERATE_INFOPLIST_FILE = YES;
				IPHONEOS_DEPLOYMENT_TARGET = 26.0;
				MARKETING_VERSION = 1.0;
				PRODUCT_BUNDLE_IDENTIFIER = me.hitto.SurechigaiTests;
				PRODUCT_NAME = "$(TARGET_NAME)";
				STRING_CATALOG_GENERATE_SYMBOLS = NO;
				SWIFT_APPROACHABLE_CONCURRENCY = YES;
				SWIFT_EMIT_LOC_STRINGS = NO;
				SWIFT_UPCOMING_FEATURE_MEMBER_IMPORT_VISIBILITY = YES;
				SWIFT_VERSION = 5.0;
				TARGETED_DEVICE_FAMILY = "1,2";
				TEST_HOST = "$(BUILT_PRODUCTS_DIR)/Surechigai.app/$(BUNDLE_EXECUTABLE_FOLDER_PATH)/Surechigai";
			};
			name = Debug;
		};
		239864DC2EDA1FFA0037F155 /* Release */ = {
			isa = XCBuildConfiguration;
			buildSettings = {
				BUNDLE_LOADER = "$(TEST_HOST)";
				CODE_SIGN_STYLE = Automatic;
				CURRENT_PROJECT_VERSION = 1;
				DEVELOPMENT_TEAM = 4WTTA937Y5;
				GENERATE_INFOPLIST_FILE = YES;
				IPHONEOS_DEPLOYMENT_TARGET = 26.0;
				MARKETING_VERSION = 1.0;
				PRODUCT_BUNDLE_IDENTIFIER = me.hitto.SurechigaiTests;
				PRODUCT_NAME = "$(TARGET_NAME)";
				STRING_CATALOG_GENERATE_SYMBOLS = NO;
				SWIFT_APPROACHABLE_CONCURRENCY = YES;
				SWIFT_EMIT_LOC_STRINGS = NO;
				SWIFT_UPCOMING_FEATURE_MEMBER_IMPORT_VISIBILITY = YES;
				SWIFT_VERSION = 5.0;
				TARGETED_DEVICE_FAMILY = "1,2";
				TEST_HOST = "$(BUILT_PRODUCTS_DIR)/Surechigai.app/$(BUNDLE_EXECUTABLE_FOLDER_PATH)/Surechigai";
			};
			name = Release;
		};
		239864DE2EDA1FFA0037F155 /* Debug */ = {
			isa = XCBuildConfiguration;
			buildSettings = {
				CODE_SIGN_STYLE = Automatic;
				CURRENT_PROJECT_VERSION = 1;
				DEVELOPMENT_TEAM = 4WTTA937Y5;
				GENERATE_INFOPLIST_FILE = YES;
				MARKETING_VERSION = 1.0;
				PRODUCT_BUNDLE_IDENTIFIER = me.hitto.SurechigaiUITests;
				PRODUCT_NAME = "$(TARGET_NAME)";
				STRING_CATALOG_GENERATE_SYMBOLS = NO;
				SWIFT_APPROACHABLE_CONCURRENCY = YES;
				SWIFT_EMIT_LOC_STRINGS = NO;
				SWIFT_UPCOMING_FEATURE_MEMBER_IMPORT_VISIBILITY = YES;
				SWIFT_VERSION = 5.0;
				TARGETED_DEVICE_FAMILY = "1,2";
				TEST_TARGET_NAME = Surechigai;
			};
			name = Debug;
		};
		239864DF2EDA1FFA0037F155 /* Release */ = {
			isa = XCBuildConfiguration;
			buildSettings = {
				CODE_SIGN_STYLE = Automatic;
				CURRENT_PROJECT_VERSION = 1;
				DEVELOPMENT_TEAM = 4WTTA937Y5;
				GENERATE_INFOPLIST_FILE = YES;
				MARKETING_VERSION = 1.0;
				PRODUCT_BUNDLE_IDENTIFIER = me.hitto.SurechigaiUITests;
				PRODUCT_NAME = "$(TARGET_NAME)";
				STRING_CATALOG_GENERATE_SYMBOLS = NO;
				SWIFT_APPROACHABLE_CONCURRENCY = YES;
				SWIFT_EMIT_LOC_STRINGS = NO;
				SWIFT_UPCOMING_FEATURE_MEMBER_IMPORT_VISIBILITY = YES;
				SWIFT_VERSION = 5.0;
				TARGETED_DEVICE_FAMILY = "1,2";
				TEST_TARGET_NAME = Surechigai;
			};
			name = Release;
		};
/* End XCBuildConfiguration section */

/* Begin XCConfigurationList section */
		239864B12EDA1FF90037F155 /* Build configuration list for PBXProject "Surechigai" */ = {
			isa = XCConfigurationList;
			buildConfigurations = (
				239864D52EDA1FFA0037F155 /* Debug */,
				239864D62EDA1FFA0037F155 /* Release */,
			);
			defaultConfigurationIsVisible = 0;
			defaultConfigurationName = Release;
		};
		239864D72EDA1FFA0037F155 /* Build configuration list for PBXNativeTarget "Surechigai" */ = {
			isa = XCConfigurationList;
			buildConfigurations = (
				239864D82EDA1FFA0037F155 /* Debug */,
				239864D92EDA1FFA0037F155 /* Release */,
			);
			defaultConfigurationIsVisible = 0;
			defaultConfigurationName = Release;
		};
		239864DA2EDA1FFA0037F155 /* Build configuration list for PBXNativeTarget "SurechigaiTests" */ = {
			isa = XCConfigurationList;
			buildConfigurations = (
				239864DB2EDA1FFA0037F155 /* Debug */,
				239864DC2EDA1FFA0037F155 /* Release */,
			);
			defaultConfigurationIsVisible = 0;
			defaultConfigurationName = Release;
		};
		239864DD2EDA1FFA0037F155 /* Build configuration list for PBXNativeTarget "SurechigaiUITests" */ = {
			isa = XCConfigurationList;
			buildConfigurations = (
				239864DE2EDA1FFA0037F155 /* Debug */,
				239864DF2EDA1FFA0037F155 /* Release */,
			);
			defaultConfigurationIsVisible = 0;
			defaultConfigurationName = Release;
		};
/* End XCConfigurationList section */
	};
	rootObject = 239864AE2EDA1FF90037F155 /* Project object */;
}
